// !$*UTF8*$!
{
	archiveVersion = 1;
	classes = {
	};
	objectVersion = 46;
	objects = {

/* Begin PBXBuildFile section */
		1DF27FD41A219B9300747D60 /* AppDelegate.swift in Sources */ = {isa = PBXBuildFile; fileRef = 1DF27FD31A219B9300747D60 /* AppDelegate.swift */; };
		1DF27FD61A219B9300747D60 /* ViewController.swift in Sources */ = {isa = PBXBuildFile; fileRef = 1DF27FD51A219B9300747D60 /* ViewController.swift */; };
		1DF27FD91A219B9300747D60 /* Main.storyboard in Resources */ = {isa = PBXBuildFile; fileRef = 1DF27FD71A219B9300747D60 /* Main.storyboard */; };
		1DF27FDB1A219B9300747D60 /* Images.xcassets in Resources */ = {isa = PBXBuildFile; fileRef = 1DF27FDA1A219B9300747D60 /* Images.xcassets */; };
		1DF27FDE1A219B9300747D60 /* LaunchScreen.xib in Resources */ = {isa = PBXBuildFile; fileRef = 1DF27FDC1A219B9300747D60 /* LaunchScreen.xib */; };
		1DF27FEA1A219B9400747D60 /* Pitch_PerfectTests.swift in Sources */ = {isa = PBXBuildFile; fileRef = 1DF27FE91A219B9400747D60 /* Pitch_PerfectTests.swift */; };
/* End PBXBuildFile section */

/* Begin PBXContainerItemProxy section */
		1DF27FE41A219B9400747D60 /* PBXContainerItemProxy */ = {
			isa = PBXContainerItemProxy;
			containerPortal = 1DF27FC61A219B9300747D60 /* Project object */;
			proxyType = 1;
			remoteGlobalIDString = 1DF27FCD1A219B9300747D60;
			remoteInfo = "Pitch Perfect";
		};
/* End PBXContainerItemProxy section */

/* Begin PBXFileReference section */
		1DF27FCE1A219B9300747D60 /* Pitch Perfect.app */ = {isa = PBXFileReference; explicitFileType = wrapper.application; includeInIndex = 0; path = "Pitch Perfect.app"; sourceTree = BUILT_PRODUCTS_DIR; };
		1DF27FD21A219B9300747D60 /* Info.plist */ = {isa = PBXFileReference; lastKnownFileType = text.plist.xml; path = Info.plist; sourceTree = "<group>"; };
		1DF27FD31A219B9300747D60 /* AppDelegate.swift */ = {isa = PBXFileReference; lastKnownFileType = sourcecode.swift; path = AppDelegate.swift; sourceTree = "<group>"; };
		1DF27FD51A219B9300747D60 /* ViewController.swift */ = {isa = PBXFileReference; lastKnownFileType = sourcecode.swift; path = ViewController.swift; sourceTree = "<group>"; };
		1DF27FD81A219B9300747D60 /* Base */ = {isa = PBXFileReference; lastKnownFileType = file.storyboard; name = Base; path = Base.lproj/Main.storyboard; sourceTree = "<group>"; };
		1DF27FDA1A219B9300747D60 /* Images.xcassets */ = {isa = PBXFileReference; lastKnownFileType = folder.assetcatalog; path = Images.xcassets; sourceTree = "<group>"; };
		1DF27FDD1A219B9300747D60 /* Base */ = {isa = PBXFileReference; lastKnownFileType = file.xib; name = Base; path = Base.lproj/LaunchScreen.xib; sourceTree = "<group>"; };
		1DF27FE31A219B9400747D60 /* Pitch PerfectTests.xctest */ = {isa = PBXFileReference; explicitFileType = wrapper.cfbundle; includeInIndex = 0; path = "Pitch PerfectTests.xctest"; sourceTree = BUILT_PRODUCTS_DIR; };
		1DF27FE81A219B9400747D60 /* Info.plist */ = {isa = PBXFileReference; lastKnownFileType = text.plist.xml; path = Info.plist; sourceTree = "<group>"; };
		1DF27FE91A219B9400747D60 /* Pitch_PerfectTests.swift */ = {isa = PBXFileReference; lastKnownFileType = sourcecode.swift; path = Pitch_PerfectTests.swift; sourceTree = "<group>"; };
/* End PBXFileReference section */

/* Begin PBXFrameworksBuildPhase section */
		1DF27FCB1A219B9300747D60 /* Frameworks */ = {
			isa = PBXFrameworksBuildPhase;
			buildActionMask = 2147483647;
			files = (
			);
			runOnlyForDeploymentPostprocessing = 0;
		};
		1DF27FE01A219B9400747D60 /* Frameworks */ = {
			isa = PBXFrameworksBuildPhase;
			buildActionMask = 2147483647;
			files = (
			);
			runOnlyForDeploymentPostprocessing = 0;
		};
/* End PBXFrameworksBuildPhase section */

/* Begin PBXGroup section */
		1DF27FC51A219B9300747D60 = {
			isa = PBXGroup;
			children = (
				1DF27FD01A219B9300747D60 /* Pitch Perfect */,
				1DF27FE61A219B9400747D60 /* Pitch PerfectTests */,
				1DF27FCF1A219B9300747D60 /* Products */,
			);
			sourceTree = "<group>";
		};
		1DF27FCF1A219B9300747D60 /* Products */ = {
			isa = PBXGroup;
			children = (
				1DF27FCE1A219B9300747D60 /* Pitch Perfect.app */,
				1DF27FE31A219B9400747D60 /* Pitch PerfectTests.xctest */,
			);
			name = Products;
			sourceTree = "<group>";
		};
		1DF27FD01A219B9300747D60 /* Pitch Perfect */ = {
			isa = PBXGroup;
			children = (
				1DF27FD31A219B9300747D60 /* AppDelegate.swift */,
				1DF27FD51A219B9300747D60 /* ViewController.swift */,
				1DF27FD71A219B9300747D60 /* Main.storyboard */,
				1DF27FDA1A219B9300747D60 /* Images.xcassets */,
				1DF27FDC1A219B9300747D60 /* LaunchScreen.xib */,
				1DF27FD11A219B9300747D60 /* Supporting Files */,
			);
			path = "Pitch Perfect";
			sourceTree = "<group>";
		};
		1DF27FD11A219B9300747D60 /* Supporting Files */ = {
			isa = PBXGroup;
			children = (
				1DF27FD21A219B9300747D60 /* Info.plist */,
			);
			name = "Supporting Files";
			sourceTree = "<group>";
		};
		1DF27FE61A219B9400747D60 /* Pitch PerfectTests */ = {
			isa = PBXGroup;
			children = (
				1DF27FE91A219B9400747D60 /* Pitch_PerfectTests.swift */,
				1DF27FE71A219B9400747D60 /* Supporting Files */,
			);
			path = "Pitch PerfectTests";
			sourceTree = "<group>";
		};
		1DF27FE71A219B9400747D60 /* Supporting Files */ = {
			isa = PBXGroup;
			children = (
				1DF27FE81A219B9400747D60 /* Info.plist */,
			);
			name = "Supporting Files";
			sourceTree = "<group>";
		};
/* End PBXGroup section */

/* Begin PBXNativeTarget section */
		1DF27FCD1A219B9300747D60 /* Pitch Perfect */ = {
			isa = PBXNativeTarget;
			buildConfigurationList = 1DF27FED1A219B9400747D60 /* Build configuration list for PBXNativeTarget "Pitch Perfect" */;
			buildPhases = (
				1DF27FCA1A219B9300747D60 /* Sources */,
				1DF27FCB1A219B9300747D60 /* Frameworks */,
				1DF27FCC1A219B9300747D60 /* Resources */,
			);
			buildRules = (
			);
			dependencies = (
			);
			name = "Pitch Perfect";
			productName = "Pitch Perfect";
			productReference = 1DF27FCE1A219B9300747D60 /* Pitch Perfect.app */;
			productType = "com.apple.product-type.application";
		};
		1DF27FE21A219B9400747D60 /* Pitch PerfectTests */ = {
			isa = PBXNativeTarget;
			buildConfigurationList = 1DF27FF01A219B9400747D60 /* Build configuration list for PBXNativeTarget "Pitch PerfectTests" */;
			buildPhases = (
				1DF27FDF1A219B9400747D60 /* Sources */,
				1DF27FE01A219B9400747D60 /* Frameworks */,
				1DF27FE11A219B9400747D60 /* Resources */,
			);
			buildRules = (
			);
			dependencies = (
				1DF27FE51A219B9400747D60 /* PBXTargetDependency */,
			);
			name = "Pitch PerfectTests";
			productName = "Pitch PerfectTests";
			productReference = 1DF27FE31A219B9400747D60 /* Pitch PerfectTests.xctest */;
			productType = "com.apple.product-type.bundle.unit-test";
		};
/* End PBXNativeTarget section */

/* Begin PBXProject section */
		1DF27FC61A219B9300747D60 /* Project object */ = {
			isa = PBXProject;
			attributes = {
				LastUpgradeCheck = 0610;
				ORGANIZATIONNAME = "Darrell Calderon";
				TargetAttributes = {
					1DF27FCD1A219B9300747D60 = {
						CreatedOnToolsVersion = 6.1;
					};
					1DF27FE21A219B9400747D60 = {
						CreatedOnToolsVersion = 6.1;
						TestTargetID = 1DF27FCD1A219B9300747D60;
					};
				};
			};
			buildConfigurationList = 1DF27FC91A219B9300747D60 /* Build configuration list for PBXProject "Pitch Perfect" */;
			compatibilityVersion = "Xcode 3.2";
			developmentRegion = English;
			hasScannedForEncodings = 0;
			knownRegions = (
				en,
				Base,
			);
			mainGroup = 1DF27FC51A219B9300747D60;
			productRefGroup = 1DF27FCF1A219B9300747D60 /* Products */;
			projectDirPath = "";
			projectRoot = "";
			targets = (
				1DF27FCD1A219B9300747D60 /* Pitch Perfect */,
				1DF27FE21A219B9400747D60 /* Pitch PerfectTests */,
			);
		};
/* End PBXProject section */

/* Begin PBXResourcesBuildPhase section */
		1DF27FCC1A219B9300747D60 /* Resources */ = {
			isa = PBXResourcesBuildPhase;
			buildActionMask = 2147483647;
			files = (
				1DF27FD91A219B9300747D60 /* Main.storyboard in Resources */,
				1DF27FDE1A219B9300747D60 /* LaunchScreen.xib in Resources */,
				1DF27FDB1A219B9300747D60 /* Images.xcassets in Resources */,
			);
			runOnlyForDeploymentPostprocessing = 0;
		};
		1DF27FE11A219B9400747D60 /* Resources */ = {
			isa = PBXResourcesBuildPhase;
			buildActionMask = 2147483647;
			files = (
			);
			runOnlyForDeploymentPostprocessing = 0;
		};
/* End PBXResourcesBuildPhase section */

/* Begin PBXSourcesBuildPhase section */
		1DF27FCA1A219B9300747D60 /* Sources */ = {
			isa = PBXSourcesBuildPhase;
			buildActionMask = 2147483647;
			files = (
				1DF27FD61A219B9300747D60 /* ViewController.swift in Sources */,
				1DF27FD41A219B9300747D60 /* AppDelegate.swift in Sources */,
			);
			runOnlyForDeploymentPostprocessing = 0;
		};
		1DF27FDF1A219B9400747D60 /* Sources */ = {
			isa = PBXSourcesBuildPhase;
			buildActionMask = 2147483647;
			files = (
				1DF27FEA1A219B9400747D60 /* Pitch_PerfectTests.swift in Sources */,
			);
			runOnlyForDeploymentPostprocessing = 0;
		};
/* End PBXSourcesBuildPhase section */

/* Begin PBXTargetDependency section */
		1DF27FE51A219B9400747D60 /* PBXTargetDependency */ = {
			isa = PBXTargetDependency;
			target = 1DF27FCD1A219B9300747D60 /* Pitch Perfect */;
			targetProxy = 1DF27FE41A219B9400747D60 /* PBXContainerItemProxy */;
		};
/* End PBXTargetDependency section */

/* Begin PBXVariantGroup section */
		1DF27FD71A219B9300747D60 /* Main.storyboard */ = {
			isa = PBXVariantGroup;
			children = (
				1DF27FD81A219B9300747D60 /* Base */,
			);
			name = Main.storyboard;
			sourceTree = "<group>";
		};
		1DF27FDC1A219B9300747D60 /* LaunchScreen.xib */ = {
			isa = PBXVariantGroup;
			children = (
				1DF27FDD1A219B9300747D60 /* Base */,
			);
			name = LaunchScreen.xib;
			sourceTree = "<group>";
		};
/* End PBXVariantGroup section */

/* Begin XCBuildConfiguration section */
		1DF27FEB1A219B9400747D60 /* Debug */ = {
			isa = XCBuildConfiguration;
			buildSettings = {
				ALWAYS_SEARCH_USER_PATHS = NO;
				CLANG_CXX_LANGUAGE_STANDARD = "gnu++0x";
				CLANG_CXX_LIBRARY = "libc++";
				CLANG_ENABLE_MODULES = YES;
				CLANG_ENABLE_OBJC_ARC = YES;
				CLANG_WARN_BOOL_CONVERSION = YES;
				CLANG_WARN_CONSTANT_CONVERSION = YES;
				CLANG_WARN_DIRECT_OBJC_ISA_USAGE = YES_ERROR;
				CLANG_WARN_EMPTY_BODY = YES;
				CLANG_WARN_ENUM_CONVERSION = YES;
				CLANG_WARN_INT_CONVERSION = YES;
				CLANG_WARN_OBJC_ROOT_CLASS = YES_ERROR;
				CLANG_WARN_UNREACHABLE_CODE = YES;
				CLANG_WARN__DUPLICATE_METHOD_MATCH = YES;
				"CODE_SIGN_IDENTITY[sdk=iphoneos*]" = "iPhone Developer";
				COPY_PHASE_STRIP = NO;
				ENABLE_STRICT_OBJC_MSGSEND = YES;
				GCC_C_LANGUAGE_STANDARD = gnu99;
				GCC_DYNAMIC_NO_PIC = NO;
				GCC_OPTIMIZATION_LEVEL = 0;
				GCC_PREPROCESSOR_DEFINITIONS = (
					"DEBUG=1",
					"$(inherited)",
				);
				GCC_SYMBOLS_PRIVATE_EXTERN = NO;
				GCC_WARN_64_TO_32_BIT_CONVERSION = YES;
				GCC_WARN_ABOUT_RETURN_TYPE = YES_ERROR;
				GCC_WARN_UNDECLARED_SELECTOR = YES;
				GCC_WARN_UNINITIALIZED_AUTOS = YES_AGGRESSIVE;
				GCC_WARN_UNUSED_FUNCTION = YES;
				GCC_WARN_UNUSED_VARIABLE = YES;
				IPHONEOS_DEPLOYMENT_TARGET = 8.1;
				MTL_ENABLE_DEBUG_INFO = YES;
				ONLY_ACTIVE_ARCH = YES;
				SDKROOT = iphoneos;
				SWIFT_OPTIMIZATION_LEVEL = "-Onone";
				TARGETED_DEVICE_FAMILY = "1,2";
			};
			name = Debug;
		};
		1DF27FEC1A219B9400747D60 /* Release */ = {
			isa = XCBuildConfiguration;
			buildSettings = {
				ALWAYS_SEARCH_USER_PATHS = NO;
				CLANG_CXX_LANGUAGE_STANDARD = "gnu++0x";
				CLANG_CXX_LIBRARY = "libc++";
				CLANG_ENABLE_MODULES = YES;
				CLANG_ENABLE_OBJC_ARC = YES;
				CLANG_WARN_BOOL_CONVERSION = YES;
				CLANG_WARN_CONSTANT_CONVERSION = YES;
				CLANG_WARN_DIRECT_OBJC_ISA_USAGE = YES_ERROR;
				CLANG_WARN_EMPTY_BODY = YES;
				CLANG_WARN_ENUM_CONVERSION = YES;
				CLANG_WARN_INT_CONVERSION = YES;
				CLANG_WARN_OBJC_ROOT_CLASS = YES_ERROR;
				CLANG_WARN_UNREACHABLE_CODE = YES;
				CLANG_WARN__DUPLICATE_METHOD_MATCH = YES;
				"CODE_SIGN_IDENTITY[sdk=iphoneos*]" = "iPhone Developer";
				COPY_PHASE_STRIP = YES;
				ENABLE_NS_ASSERTIONS = NO;
				ENABLE_STRICT_OBJC_MSGSEND = YES;
				GCC_C_LANGUAGE_STANDARD = gnu99;
				GCC_WARN_64_TO_32_BIT_CONVERSION = YES;
				GCC_WARN_ABOUT_RETURN_TYPE = YES_ERROR;
				GCC_WARN_UNDECLARED_SELECTOR = YES;
				GCC_WARN_UNINITIALIZED_AUTOS = YES_AGGRESSIVE;
				GCC_WARN_UNUSED_FUNCTION = YES;
				GCC_WARN_UNUSED_VARIABLE = YES;
				IPHONEOS_DEPLOYMENT_TARGET = 8.1;
				MTL_ENABLE_DEBUG_INFO = NO;
				SDKROOT = iphoneos;
				TARGETED_DEVICE_FAMILY = "1,2";
				VALIDATE_PRODUCT = YES;
			};
			name = Release;
		};
		1DF27FEE1A219B9400747D60 /* Debug */ = {
			isa = XCBuildConfiguration;
			buildSettings = {
				ASSETCATALOG_COMPILER_APPICON_NAME = AppIcon;
				INFOPLIST_FILE = "Pitch Perfect/Info.plist";
				LD_RUNPATH_SEARCH_PATHS = "$(inherited) @executable_path/Frameworks";
				PRODUCT_NAME = "$(TARGET_NAME)";
			};
			name = Debug;
		};
		1DF27FEF1A219B9400747D60 /* Release */ = {
			isa = XCBuildConfiguration;
			buildSettings = {
				ASSETCATALOG_COMPILER_APPICON_NAME = AppIcon;
				INFOPLIST_FILE = "Pitch Perfect/Info.plist";
				LD_RUNPATH_SEARCH_PATHS = "$(inherited) @executable_path/Frameworks";
				PRODUCT_NAME = "$(TARGET_NAME)";
			};
			name = Release;
		};
		1DF27FF11A219B9400747D60 /* Debug */ = {
			isa = XCBuildConfiguration;
			buildSettings = {
				BUNDLE_LOADER = "$(TEST_HOST)";
				FRAMEWORK_SEARCH_PATHS = (
					"$(SDKROOT)/Developer/Library/Frameworks",
					"$(inherited)",
				);
				GCC_PREPROCESSOR_DEFINITIONS = (
					"DEBUG=1",
					"$(inherited)",
				);
				INFOPLIST_FILE = "Pitch PerfectTests/Info.plist";
				LD_RUNPATH_SEARCH_PATHS = "$(inherited) @executable_path/Frameworks @loader_path/Frameworks";
				PRODUCT_NAME = "$(TARGET_NAME)";
				TEST_HOST = "$(BUILT_PRODUCTS_DIR)/Pitch Perfect.app/Pitch Perfect";
			};
			name = Debug;
		};
		1DF27FF21A219B9400747D60 /* Release */ = {
			isa = XCBuildConfiguration;
			buildSettings = {
				BUNDLE_LOADER = "$(TEST_HOST)";
				FRAMEWORK_SEARCH_PATHS = (
					"$(SDKROOT)/Developer/Library/Frameworks",
					"$(inherited)",
				);
				INFOPLIST_FILE = "Pitch PerfectTests/Info.plist";
				LD_RUNPATH_SEARCH_PATHS = "$(inherited) @executable_path/Frameworks @loader_path/Frameworks";
				PRODUCT_NAME = "$(TARGET_NAME)";
				TEST_HOST = "$(BUILT_PRODUCTS_DIR)/Pitch Perfect.app/Pitch Perfect";
			};
			name = Release;
		};
/* End XCBuildConfiguration section */

/* Begin XCConfigurationList section */
		1DF27FC91A219B9300747D60 /* Build configuration list for PBXProject "Pitch Perfect" */ = {
			isa = XCConfigurationList;
			buildConfigurations = (
				1DF27FEB1A219B9400747D60 /* Debug */,
				1DF27FEC1A219B9400747D60 /* Release */,
			);
			defaultConfigurationIsVisible = 0;
			defaultConfigurationName = Release;
		};
		1DF27FED1A219B9400747D60 /* Build configuration list for PBXNativeTarget "Pitch Perfect" */ = {
			isa = XCConfigurationList;
			buildConfigurations = (
				1DF27FEE1A219B9400747D60 /* Debug */,
				1DF27FEF1A219B9400747D60 /* Release */,
			);
			defaultConfigurationIsVisible = 0;
		};
		1DF27FF01A219B9400747D60 /* Build configuration list for PBXNativeTarget "Pitch PerfectTests" */ = {
			isa = XCConfigurationList;
			buildConfigurations = (
				1DF27FF11A219B9400747D60 /* Debug */,
				1DF27FF21A219B9400747D60 /* Release */,
			);
			defaultConfigurationIsVisible = 0;
		};
/* End XCConfigurationList section */
	};
	rootObject = 1DF27FC61A219B9300747D60 /* Project object */;
}
